
Microsoft Visual Studio Solution File, Format Version 12.00
# Visual Studio Version 17
VisualStudioVersion = 17.7.34018.315
MinimumVisualStudioVersion = 10.0.40219.1
Project("{9A19103F-16F7-4668-BE54-9A1E7A4F7556}") = "Tap3Integration", "Tap3Integration\Tap3Integration.csproj", "{FE902BD5-F07A-445D-B075-5D3B52A25596}"
EndProject
Project("{FAE04EC0-301F-11D3-BF4B-00C04F79EFBC}") = "Tap3IntegrationTests", "Tap3IntegrationTests\Tap3IntegrationTests.csproj", "{C93950E7-1984-4E95-BC38-8CEE71418D68}"
EndProject
Global
	GlobalSection(SolutionConfigurationPlatforms) = preSolution
		Debug|Any CPU = Debug|Any CPU
		Release|Any CPU = Release|Any CPU
	EndGlobalSection
	GlobalSection(ProjectConfigurationPlatforms) = postSolution
		{FE902BD5-F07A-445D-B075-5D3B52A25596}.Debug|Any CPU.ActiveCfg = Debug|Any CPU
		{FE902BD5-F07A-445D-B075-5D3B52A25596}.Debug|Any CPU.Build.0 = Debug|Any CPU
		{FE902BD5-F07A-445D-B075-5D3B52A25596}.Release|Any CPU.ActiveCfg = Release|Any CPU
		{FE902BD5-F07A-445D-B075-5D3B52A25596}.Release|Any CPU.Build.0 = Release|Any CPU
		{C93950E7-1984-4E95-BC38-8CEE71418D68}.Debug|Any CPU.ActiveCfg = Debug|Any CPU
		{C93950E7-1984-4E95-BC38-8CEE71418D68}.Debug|Any CPU.Build.0 = Debug|Any CPU
		{C93950E7-1984-4E95-BC38-8CEE71418D68}.Release|Any CPU.ActiveCfg = Release|Any CPU
		{C93950E7-1984-4E95-BC38-8CEE71418D68}.Release|Any CPU.Build.0 = Release|Any CPU
	EndGlobalSection
	GlobalSection(SolutionProperties) = preSolution
		HideSolutionNode = FALSE
	EndGlobalSection
	GlobalSection(ExtensibilityGlobals) = postSolution
		SolutionGuid = {003B4D4C-8D62-49A9-83E4-B62D985CD498}
	EndGlobalSection
EndGlobal
